
Microsoft Visual Studio Solution File, Format Version 12.00
# Visual Studio Version 17
VisualStudioVersion = 17.4.32804.182
MinimumVisualStudioVersion = 10.0.40219.1
Project("{FAE04EC0-301F-11D3-BF4B-00C04F79EFBC}") = "CustomerBaseTest", "CustomerBaseTest\CustomerBaseTest.csproj", "{334C1DFE-7105-4E02-9922-8E8A5D28F93D}"
EndProject
Global
	GlobalSection(SolutionConfigurationPlatforms) = preSolution
		Debug|Any CPU = Debug|Any CPU
		Release|Any CPU = Release|Any CPU
	EndGlobalSection
	GlobalSection(ProjectConfigurationPlatforms) = postSolution
		{334C1DFE-7105-4E02-9922-8E8A5D28F93D}.Debug|Any CPU.ActiveCfg = Debug|Any CPU
		{334C1DFE-7105-4E02-9922-8E8A5D28F93D}.Debug|Any CPU.Build.0 = Debug|Any CPU
		{334C1DFE-7105-4E02-9922-8E8A5D28F93D}.Release|Any CPU.ActiveCfg = Release|Any CPU
		{334C1DFE-7105-4E02-9922-8E8A5D28F93D}.Release|Any CPU.Build.0 = Release|Any CPU
	EndGlobalSection
	GlobalSection(SolutionProperties) = preSolution
		HideSolutionNode = FALSE
	EndGlobalSection
	GlobalSection(ExtensibilityGlobals) = postSolution
		SolutionGuid = {67099408-4004-46B4-A69A-DCA394C0FD88}
	EndGlobalSection
EndGlobal
